
Microsoft Visual Studio Solution File, Format Version 12.00
# Visual Studio 15
VisualStudioVersion = 15.0.28307.705
MinimumVisualStudioVersion = 10.0.40219.1
Project("{FAE04EC0-301F-11D3-BF4B-00C04F79EFBC}") = "EShop.WEB", "EShop.WEB\EShop.WEB.csproj", "{E84C1C93-3E51-4E19-BB81-6AAFB2A6753A}"
EndProject
Project("{FAE04EC0-301F-11D3-BF4B-00C04F79EFBC}") = "EShop.BLL", "EShop.BLL\EShop.BLL.csproj", "{559A01B3-4320-4242-8E68-BF6B52C09A53}"
EndProject
Project("{FAE04EC0-301F-11D3-BF4B-00C04F79EFBC}") = "EShop.UnitTests", "EShop.UnitTests\EShop.UnitTests.csproj", "{C140BFD7-12AC-4DA9-B17A-B72B62A2E351}"
EndProject
Project("{FAE04EC0-301F-11D3-BF4B-00C04F79EFBC}") = "EShop.DAL", "EShop.DAL\EShop.DAL.csproj", "{A57B1A4F-418B-45CD-8065-85B8E9707B34}"
EndProject
Global
	GlobalSection(SolutionConfigurationPlatforms) = preSolution
		Debug|Any CPU = Debug|Any CPU
		Release|Any CPU = Release|Any CPU
	EndGlobalSection
	GlobalSection(ProjectConfigurationPlatforms) = postSolution
		{E84C1C93-3E51-4E19-BB81-6AAFB2A6753A}.Debug|Any CPU.ActiveCfg = Debug|Any CPU
		{E84C1C93-3E51-4E19-BB81-6AAFB2A6753A}.Debug|Any CPU.Build.0 = Debug|Any CPU
		{E84C1C93-3E51-4E19-BB81-6AAFB2A6753A}.Release|Any CPU.ActiveCfg = Release|Any CPU
		{E84C1C93-3E51-4E19-BB81-6AAFB2A6753A}.Release|Any CPU.Build.0 = Release|Any CPU
		{559A01B3-4320-4242-8E68-BF6B52C09A53}.Debug|Any CPU.ActiveCfg = Debug|Any CPU
		{559A01B3-4320-4242-8E68-BF6B52C09A53}.Debug|Any CPU.Build.0 = Debug|Any CPU
		{559A01B3-4320-4242-8E68-BF6B52C09A53}.Release|Any CPU.ActiveCfg = Release|Any CPU
		{559A01B3-4320-4242-8E68-BF6B52C09A53}.Release|Any CPU.Build.0 = Release|Any CPU
		{C140BFD7-12AC-4DA9-B17A-B72B62A2E351}.Debug|Any CPU.ActiveCfg = Debug|Any CPU
		{C140BFD7-12AC-4DA9-B17A-B72B62A2E351}.Debug|Any CPU.Build.0 = Debug|Any CPU
		{C140BFD7-12AC-4DA9-B17A-B72B62A2E351}.Release|Any CPU.ActiveCfg = Release|Any CPU
		{C140BFD7-12AC-4DA9-B17A-B72B62A2E351}.Release|Any CPU.Build.0 = Release|Any CPU
		{A57B1A4F-418B-45CD-8065-85B8E9707B34}.Debug|Any CPU.ActiveCfg = Debug|Any CPU
		{A57B1A4F-418B-45CD-8065-85B8E9707B34}.Debug|Any CPU.Build.0 = Debug|Any CPU
		{A57B1A4F-418B-45CD-8065-85B8E9707B34}.Release|Any CPU.ActiveCfg = Release|Any CPU
		{A57B1A4F-418B-45CD-8065-85B8E9707B34}.Release|Any CPU.Build.0 = Release|Any CPU
	EndGlobalSection
	GlobalSection(SolutionProperties) = preSolution
		HideSolutionNode = FALSE
	EndGlobalSection
	GlobalSection(ExtensibilityGlobals) = postSolution
		SolutionGuid = {27D03BA7-BC57-4E95-B74B-065FBACC0924}
	EndGlobalSection
EndGlobal
