
Microsoft Visual Studio Solution File, Format Version 12.00
# Visual Studio Version 16
VisualStudioVersion = 16.0.29613.14
MinimumVisualStudioVersion = 10.0.40219.1
Project("{FAE04EC0-301F-11D3-BF4B-00C04F79EFBC}") = "EpamPractice", "EpamPractice\EpamPractice.csproj", "{518827E2-485F-4EC1-A9FB-879152CEFD02}"
EndProject
Global
	GlobalSection(SolutionConfigurationPlatforms) = preSolution
		Debug|Any CPU = Debug|Any CPU
		Release|Any CPU = Release|Any CPU
	EndGlobalSection
	GlobalSection(ProjectConfigurationPlatforms) = postSolution
		{518827E2-485F-4EC1-A9FB-879152CEFD02}.Debug|Any CPU.ActiveCfg = Debug|Any CPU
		{518827E2-485F-4EC1-A9FB-879152CEFD02}.Debug|Any CPU.Build.0 = Debug|Any CPU
		{518827E2-485F-4EC1-A9FB-879152CEFD02}.Release|Any CPU.ActiveCfg = Release|Any CPU
		{518827E2-485F-4EC1-A9FB-879152CEFD02}.Release|Any CPU.Build.0 = Release|Any CPU
	EndGlobalSection
	GlobalSection(SolutionProperties) = preSolution
		HideSolutionNode = FALSE
	EndGlobalSection
	GlobalSection(ExtensibilityGlobals) = postSolution
		SolutionGuid = {BDC6A6FF-D822-4B37-983B-48FCD2024FF1}
	EndGlobalSection
EndGlobal
